// !$*UTF8*$!
{
	archiveVersion = 1;
	classes = {
	};
	objectVersion = 56;
	objects = {

/* Begin PBXBuildFile section */
		F10000000000000000000001 /* InactionApp.swift in Sources */ = {isa = PBXBuildFile; fileRef = F20000000000000000000001; };
		F10000000000000000000002 /* ContentView.swift in Sources */ = {isa = PBXBuildFile; fileRef = F20000000000000000000002; };
		F10000000000000000000003 /* Session.swift in Sources */ = {isa = PBXBuildFile; fileRef = F20000000000000000000003; };
		F10000000000000000000004 /* BadgeRecord.swift in Sources */ = {isa = PBXBuildFile; fileRef = F20000000000000000000004; };
		F10000000000000000000005 /* BadgeDefinition.swift in Sources */ = {isa = PBXBuildFile; fileRef = F20000000000000000000005; };
		F10000000000000000000006 /* AppSettings.swift in Sources */ = {isa = PBXBuildFile; fileRef = F20000000000000000000006; };
		F10000000000000000000007 /* HomeView.swift in Sources */ = {isa = PBXBuildFile; fileRef = F20000000000000000000007; };
		F10000000000000000000008 /* SetupView.swift in Sources */ = {isa = PBXBuildFile; fileRef = F20000000000000000000008; };
		F10000000000000000000009 /* SessionView.swift in Sources */ = {isa = PBXBuildFile; fileRef = F20000000000000000000009; };
		F1000000000000000000000A /* CompleteView.swift in Sources */ = {isa = PBXBuildFile; fileRef = F2000000000000000000000A; };
		F1000000000000000000000B /* SettingsView.swift in Sources */ = {isa = PBXBuildFile; fileRef = F2000000000000000000000B; };
		F1000000000000000000000C /* BadgesView.swift in Sources */ = {isa = PBXBuildFile; fileRef = F2000000000000000000000C; };
		F1000000000000000000000D /* HeatmapView.swift in Sources */ = {isa = PBXBuildFile; fileRef = F2000000000000000000000D; };
		F1000000000000000000000E /* BreathingCircleView.swift in Sources */ = {isa = PBXBuildFile; fileRef = F2000000000000000000000E; };
		F1000000000000000000000F /* DurationSliderView.swift in Sources */ = {isa = PBXBuildFile; fileRef = F2000000000000000000000F; };
		F10000000000000000000010 /* BadgeCardView.swift in Sources */ = {isa = PBXBuildFile; fileRef = F20000000000000000000010; };
		F10000000000000000000011 /* BadgeNotificationView.swift in Sources */ = {isa = PBXBuildFile; fileRef = F20000000000000000000011; };
		F10000000000000000000012 /* LegendView.swift in Sources */ = {isa = PBXBuildFile; fileRef = F20000000000000000000012; };
		F10000000000000000000013 /* AudioEngine.swift in Sources */ = {isa = PBXBuildFile; fileRef = F20000000000000000000013; };
		F10000000000000000000014 /* BadgeEvaluator.swift in Sources */ = {isa = PBXBuildFile; fileRef = F20000000000000000000014; };
		F10000000000000000000015 /* NotificationManager.swift in Sources */ = {isa = PBXBuildFile; fileRef = F20000000000000000000015; };
		F10000000000000000000016 /* HapticManager.swift in Sources */ = {isa = PBXBuildFile; fileRef = F20000000000000000000016; };
		F10000000000000000000017 /* ShareCardRenderer.swift in Sources */ = {isa = PBXBuildFile; fileRef = F20000000000000000000017; };
		F10000000000000000000018 /* DataExporter.swift in Sources */ = {isa = PBXBuildFile; fileRef = F20000000000000000000018; };
		F10000000000000000000019 /* DesignTokens.swift in Sources */ = {isa = PBXBuildFile; fileRef = F20000000000000000000019; };
		F1000000000000000000001A /* DateHelpers.swift in Sources */ = {isa = PBXBuildFile; fileRef = F2000000000000000000001A; };
		F1000000000000000000001B /* DurationLevel.swift in Sources */ = {isa = PBXBuildFile; fileRef = F2000000000000000000001B; };
		F1000000000000000000001C /* Assets.xcassets in Resources */ = {isa = PBXBuildFile; fileRef = F2000000000000000000001C; };
		F1000000000000000000001D /* PlayfairDisplay-Black.ttf in Resources */ = {isa = PBXBuildFile; fileRef = F2000000000000000000001E; };
		F1000000000000000000001E /* Inter.ttf in Resources */ = {isa = PBXBuildFile; fileRef = F2000000000000000000001F; };
		F10000000000000000000020 /* BadgeDetailView.swift in Sources */ = {isa = PBXBuildFile; fileRef = F20000000000000000000020; };
/* End PBXBuildFile section */

/* Begin PBXFileReference section */
		F20000000000000000000001 /* InactionApp.swift */ = {isa = PBXFileReference; lastKnownFileType = sourcecode.swift; path = InactionApp.swift; sourceTree = "<group>"; };
		F20000000000000000000002 /* ContentView.swift */ = {isa = PBXFileReference; lastKnownFileType = sourcecode.swift; path = ContentView.swift; sourceTree = "<group>"; };
		F20000000000000000000003 /* Session.swift */ = {isa = PBXFileReference; lastKnownFileType = sourcecode.swift; path = Session.swift; sourceTree = "<group>"; };
		F20000000000000000000004 /* BadgeRecord.swift */ = {isa = PBXFileReference; lastKnownFileType = sourcecode.swift; path = BadgeRecord.swift; sourceTree = "<group>"; };
		F20000000000000000000005 /* BadgeDefinition.swift */ = {isa = PBXFileReference; lastKnownFileType = sourcecode.swift; path = BadgeDefinition.swift; sourceTree = "<group>"; };
		F20000000000000000000006 /* AppSettings.swift */ = {isa = PBXFileReference; lastKnownFileType = sourcecode.swift; path = AppSettings.swift; sourceTree = "<group>"; };
		F20000000000000000000007 /* HomeView.swift */ = {isa = PBXFileReference; lastKnownFileType = sourcecode.swift; path = HomeView.swift; sourceTree = "<group>"; };
		F20000000000000000000008 /* SetupView.swift */ = {isa = PBXFileReference; lastKnownFileType = sourcecode.swift; path = SetupView.swift; sourceTree = "<group>"; };
		F20000000000000000000009 /* SessionView.swift */ = {isa = PBXFileReference; lastKnownFileType = sourcecode.swift; path = SessionView.swift; sourceTree = "<group>"; };
		F2000000000000000000000A /* CompleteView.swift */ = {isa = PBXFileReference; lastKnownFileType = sourcecode.swift; path = CompleteView.swift; sourceTree = "<group>"; };
		F2000000000000000000000B /* SettingsView.swift */ = {isa = PBXFileReference; lastKnownFileType = sourcecode.swift; path = SettingsView.swift; sourceTree = "<group>"; };
		F2000000000000000000000C /* BadgesView.swift */ = {isa = PBXFileReference; lastKnownFileType = sourcecode.swift; path = BadgesView.swift; sourceTree = "<group>"; };
		F2000000000000000000000D /* HeatmapView.swift */ = {isa = PBXFileReference; lastKnownFileType = sourcecode.swift; path = HeatmapView.swift; sourceTree = "<group>"; };
		F2000000000000000000000E /* BreathingCircleView.swift */ = {isa = PBXFileReference; lastKnownFileType = sourcecode.swift; path = BreathingCircleView.swift; sourceTree = "<group>"; };
		F2000000000000000000000F /* DurationSliderView.swift */ = {isa = PBXFileReference; lastKnownFileType = sourcecode.swift; path = DurationSliderView.swift; sourceTree = "<group>"; };
		F20000000000000000000010 /* BadgeCardView.swift */ = {isa = PBXFileReference; lastKnownFileType = sourcecode.swift; path = BadgeCardView.swift; sourceTree = "<group>"; };
		F20000000000000000000011 /* BadgeNotificationView.swift */ = {isa = PBXFileReference; lastKnownFileType = sourcecode.swift; path = BadgeNotificationView.swift; sourceTree = "<group>"; };
		F20000000000000000000012 /* LegendView.swift */ = {isa = PBXFileReference; lastKnownFileType = sourcecode.swift; path = LegendView.swift; sourceTree = "<group>"; };
		F20000000000000000000013 /* AudioEngine.swift */ = {isa = PBXFileReference; lastKnownFileType = sourcecode.swift; path = AudioEngine.swift; sourceTree = "<group>"; };
		F20000000000000000000014 /* BadgeEvaluator.swift */ = {isa = PBXFileReference; lastKnownFileType = sourcecode.swift; path = BadgeEvaluator.swift; sourceTree = "<group>"; };
		F20000000000000000000015 /* NotificationManager.swift */ = {isa = PBXFileReference; lastKnownFileType = sourcecode.swift; path = NotificationManager.swift; sourceTree = "<group>"; };
		F20000000000000000000016 /* HapticManager.swift */ = {isa = PBXFileReference; lastKnownFileType = sourcecode.swift; path = HapticManager.swift; sourceTree = "<group>"; };
		F20000000000000000000017 /* ShareCardRenderer.swift */ = {isa = PBXFileReference; lastKnownFileType = sourcecode.swift; path = ShareCardRenderer.swift; sourceTree = "<group>"; };
		F20000000000000000000018 /* DataExporter.swift */ = {isa = PBXFileReference; lastKnownFileType = sourcecode.swift; path = DataExporter.swift; sourceTree = "<group>"; };
		F20000000000000000000019 /* DesignTokens.swift */ = {isa = PBXFileReference; lastKnownFileType = sourcecode.swift; path = DesignTokens.swift; sourceTree = "<group>"; };
		F2000000000000000000001A /* DateHelpers.swift */ = {isa = PBXFileReference; lastKnownFileType = sourcecode.swift; path = DateHelpers.swift; sourceTree = "<group>"; };
		F2000000000000000000001B /* DurationLevel.swift */ = {isa = PBXFileReference; lastKnownFileType = sourcecode.swift; path = DurationLevel.swift; sourceTree = "<group>"; };
		F2000000000000000000001C /* Assets.xcassets */ = {isa = PBXFileReference; lastKnownFileType = folder.assetcatalog; path = Assets.xcassets; sourceTree = "<group>"; };
		F20000000000000000000020 /* BadgeDetailView.swift */ = {isa = PBXFileReference; lastKnownFileType = sourcecode.swift; path = BadgeDetailView.swift; sourceTree = "<group>"; };
		F2000000000000000000001D /* Info.plist */ = {isa = PBXFileReference; lastKnownFileType = text.plist.xml; path = Info.plist; sourceTree = "<group>"; };
		F2000000000000000000001E /* PlayfairDisplay-Black.ttf */ = {isa = PBXFileReference; lastKnownFileType = file; path = "PlayfairDisplay-Black.ttf"; sourceTree = "<group>"; };
		F2000000000000000000001F /* Inter.ttf */ = {isa = PBXFileReference; lastKnownFileType = file; path = "Inter.ttf"; sourceTree = "<group>"; };
		F20000000000000000000090 /* Inaction.app */ = {isa = PBXFileReference; explicitFileType = wrapper.application; includeInIndex = 0; path = Inaction.app; sourceTree = BUILT_PRODUCTS_DIR; };
/* End PBXFileReference section */

/* Begin PBXFrameworksBuildPhase section */
		F30000000000000000000001 /* Frameworks */ = {
			isa = PBXFrameworksBuildPhase;
			buildActionMask = 2147483647;
			files = (
			);
			runOnlyForDeploymentPostprocessing = 0;
		};
/* End PBXFrameworksBuildPhase section */

/* Begin PBXGroup section */
		F40000000000000000000001 = {
			isa = PBXGroup;
			children = (
				F40000000000000000000002 /* Inaction */,
				F40000000000000000000009 /* Products */,
			);
			sourceTree = "<group>";
		};
		F40000000000000000000002 /* Inaction */ = {
			isa = PBXGroup;
			children = (
				F20000000000000000000001 /* InactionApp.swift */,
				F20000000000000000000002 /* ContentView.swift */,
				F40000000000000000000003 /* Models */,
				F40000000000000000000004 /* Views */,
				F40000000000000000000005 /* Components */,
				F40000000000000000000006 /* Services */,
				F40000000000000000000007 /* Utilities */,
				F40000000000000000000008 /* Resources */,
				F2000000000000000000001D /* Info.plist */,
			);
			path = Inaction;
			sourceTree = "<group>";
		};
		F40000000000000000000003 /* Models */ = {
			isa = PBXGroup;
			children = (
				F20000000000000000000003 /* Session.swift */,
				F20000000000000000000004 /* BadgeRecord.swift */,
				F20000000000000000000005 /* BadgeDefinition.swift */,
				F20000000000000000000006 /* AppSettings.swift */,
			);
			path = Models;
			sourceTree = "<group>";
		};
		F40000000000000000000004 /* Views */ = {
			isa = PBXGroup;
			children = (
				F20000000000000000000007 /* HomeView.swift */,
				F20000000000000000000008 /* SetupView.swift */,
				F20000000000000000000009 /* SessionView.swift */,
				F2000000000000000000000A /* CompleteView.swift */,
				F2000000000000000000000B /* SettingsView.swift */,
				F2000000000000000000000C /* BadgesView.swift */,
			);
			path = Views;
			sourceTree = "<group>";
		};
		F40000000000000000000005 /* Components */ = {
			isa = PBXGroup;
			children = (
				F2000000000000000000000D /* HeatmapView.swift */,
				F2000000000000000000000E /* BreathingCircleView.swift */,
				F2000000000000000000000F /* DurationSliderView.swift */,
				F20000000000000000000010 /* BadgeCardView.swift */,
				F20000000000000000000011 /* BadgeNotificationView.swift */,
				F20000000000000000000012 /* LegendView.swift */,
				F20000000000000000000020 /* BadgeDetailView.swift */,
			);
			path = Components;
			sourceTree = "<group>";
		};
		F40000000000000000000006 /* Services */ = {
			isa = PBXGroup;
			children = (
				F20000000000000000000013 /* AudioEngine.swift */,
				F20000000000000000000014 /* BadgeEvaluator.swift */,
				F20000000000000000000015 /* NotificationManager.swift */,
				F20000000000000000000016 /* HapticManager.swift */,
				F20000000000000000000017 /* ShareCardRenderer.swift */,
				F20000000000000000000018 /* DataExporter.swift */,
			);
			path = Services;
			sourceTree = "<group>";
		};
		F40000000000000000000007 /* Utilities */ = {
			isa = PBXGroup;
			children = (
				F20000000000000000000019 /* DesignTokens.swift */,
				F2000000000000000000001A /* DateHelpers.swift */,
				F2000000000000000000001B /* DurationLevel.swift */,
			);
			path = Utilities;
			sourceTree = "<group>";
		};
		F40000000000000000000008 /* Resources */ = {
			isa = PBXGroup;
			children = (
				F2000000000000000000001C /* Assets.xcassets */,
				F4000000000000000000000A /* Fonts */,
			);
			path = Resources;
			sourceTree = "<group>";
		};
		F4000000000000000000000A /* Fonts */ = {
			isa = PBXGroup;
			children = (
				F2000000000000000000001E /* PlayfairDisplay-Black.ttf */,
				F2000000000000000000001F /* Inter.ttf */,
			);
			path = Fonts;
			sourceTree = "<group>";
		};
		F40000000000000000000009 /* Products */ = {
			isa = PBXGroup;
			children = (
				F20000000000000000000090 /* Inaction.app */,
			);
			name = Products;
			sourceTree = "<group>";
		};
/* End PBXGroup section */

/* Begin PBXNativeTarget section */
		F50000000000000000000001 /* Inaction */ = {
			isa = PBXNativeTarget;
			buildConfigurationList = F80000000000000000000002 /* Build configuration list for PBXNativeTarget "Inaction" */;
			buildPhases = (
				F60000000000000000000001 /* Sources */,
				F30000000000000000000001 /* Frameworks */,
				F60000000000000000000002 /* Resources */,
			);
			buildRules = (
			);
			dependencies = (
			);
			name = Inaction;
			productName = Inaction;
			productReference = F20000000000000000000090 /* Inaction.app */;
			productType = "com.apple.product-type.application";
		};
/* End PBXNativeTarget section */

/* Begin PBXProject section */
		F70000000000000000000001 /* Project object */ = {
			isa = PBXProject;
			attributes = {
				BuildIndependentTargetsInParallel = 1;
				LastSwiftUpdateCheck = 1600;
				LastUpgradeCheck = 1600;
			};
			buildConfigurationList = F80000000000000000000001 /* Build configuration list for PBXProject "Inaction" */;
			compatibilityVersion = "Xcode 14.0";
			developmentRegion = en;
			hasScannedForEncodings = 0;
			knownRegions = (
				en,
				Base,
			);
			mainGroup = F40000000000000000000001;
			productRefGroup = F40000000000000000000009 /* Products */;
			projectDirPath = "";
			projectRoot = "";
			targets = (
				F50000000000000000000001 /* Inaction */,
			);
		};
/* End PBXProject section */

/* Begin PBXResourcesBuildPhase section */
		F60000000000000000000002 /* Resources */ = {
			isa = PBXResourcesBuildPhase;
			buildActionMask = 2147483647;
			files = (
				F1000000000000000000001C /* Assets.xcassets in Resources */,
				F1000000000000000000001D /* PlayfairDisplay-Black.ttf in Resources */,
				F1000000000000000000001E /* Inter.ttf in Resources */,
			);
			runOnlyForDeploymentPostprocessing = 0;
		};
/* End PBXResourcesBuildPhase section */

/* Begin PBXSourcesBuildPhase section */
		F60000000000000000000001 /* Sources */ = {
			isa = PBXSourcesBuildPhase;
			buildActionMask = 2147483647;
			files = (
				F10000000000000000000001 /* InactionApp.swift in Sources */,
				F10000000000000000000002 /* ContentView.swift in Sources */,
				F10000000000000000000003 /* Session.swift in Sources */,
				F10000000000000000000004 /* BadgeRecord.swift in Sources */,
				F10000000000000000000005 /* BadgeDefinition.swift in Sources */,
				F10000000000000000000006 /* AppSettings.swift in Sources */,
				F10000000000000000000007 /* HomeView.swift in Sources */,
				F10000000000000000000008 /* SetupView.swift in Sources */,
				F10000000000000000000009 /* SessionView.swift in Sources */,
				F1000000000000000000000A /* CompleteView.swift in Sources */,
				F1000000000000000000000B /* SettingsView.swift in Sources */,
				F1000000000000000000000C /* BadgesView.swift in Sources */,
				F1000000000000000000000D /* HeatmapView.swift in Sources */,
				F1000000000000000000000E /* BreathingCircleView.swift in Sources */,
				F1000000000000000000000F /* DurationSliderView.swift in Sources */,
				F10000000000000000000010 /* BadgeCardView.swift in Sources */,
				F10000000000000000000011 /* BadgeNotificationView.swift in Sources */,
				F10000000000000000000012 /* LegendView.swift in Sources */,
				F10000000000000000000013 /* AudioEngine.swift in Sources */,
				F10000000000000000000014 /* BadgeEvaluator.swift in Sources */,
				F10000000000000000000015 /* NotificationManager.swift in Sources */,
				F10000000000000000000016 /* HapticManager.swift in Sources */,
				F10000000000000000000017 /* ShareCardRenderer.swift in Sources */,
				F10000000000000000000018 /* DataExporter.swift in Sources */,
				F10000000000000000000019 /* DesignTokens.swift in Sources */,
				F1000000000000000000001A /* DateHelpers.swift in Sources */,
				F1000000000000000000001B /* DurationLevel.swift in Sources */,
				F10000000000000000000020 /* BadgeDetailView.swift in Sources */,
			);
			runOnlyForDeploymentPostprocessing = 0;
		};
/* End PBXSourcesBuildPhase section */

/* Begin XCBuildConfiguration section */
		F90000000000000000000001 /* Debug */ = {
			isa = XCBuildConfiguration;
			buildSettings = {
				ALWAYS_SEARCH_USER_PATHS = NO;
				ASSETCATALOG_COMPILER_GENERATE_SWIFT_ASSET_SYMBOL_EXTENSIONS = YES;
				CLANG_ANALYZER_NONNULL = YES;
				CLANG_CXX_LANGUAGE_STANDARD = "gnu++20";
				CLANG_ENABLE_MODULES = YES;
				CLANG_ENABLE_OBJC_ARC = YES;
				COPY_PHASE_STRIP = NO;
				DEBUG_INFORMATION_FORMAT = dwarf;
				ENABLE_STRICT_OBJC_MSGSEND = YES;
				ENABLE_TESTABILITY = YES;
				GCC_DYNAMIC_NO_PIC = NO;
				GCC_OPTIMIZATION_LEVEL = 0;
				GCC_PREPROCESSOR_DEFINITIONS = (
					"DEBUG=1",
					"$(inherited)",
				);
				IPHONEOS_DEPLOYMENT_TARGET = 17.0;
				MTL_ENABLE_DEBUG_INFO = INCLUDE_SOURCE;
				ONLY_ACTIVE_ARCH = YES;
				SDKROOT = iphoneos;
				SWIFT_ACTIVE_COMPILATION_CONDITIONS = "$(inherited) DEBUG";
				SWIFT_OPTIMIZATION_LEVEL = "-Onone";
			};
			name = Debug;
		};
		F90000000000000000000002 /* Release */ = {
			isa = XCBuildConfiguration;
			buildSettings = {
				ALWAYS_SEARCH_USER_PATHS = NO;
				ASSETCATALOG_COMPILER_GENERATE_SWIFT_ASSET_SYMBOL_EXTENSIONS = YES;
				CLANG_ANALYZER_NONNULL = YES;
				CLANG_CXX_LANGUAGE_STANDARD = "gnu++20";
				CLANG_ENABLE_MODULES = YES;
				CLANG_ENABLE_OBJC_ARC = YES;
				COPY_PHASE_STRIP = NO;
				DEBUG_INFORMATION_FORMAT = "dwarf-with-dsym";
				ENABLE_NS_ASSERTIONS = NO;
				ENABLE_STRICT_OBJC_MSGSEND = YES;
				GCC_OPTIMIZATION_LEVEL = s;
				IPHONEOS_DEPLOYMENT_TARGET = 17.0;
				SDKROOT = iphoneos;
				SWIFT_COMPILATION_MODE = wholemodule;
				VALIDATE_PRODUCT = YES;
			};
			name = Release;
		};
		F90000000000000000000003 /* Debug */ = {
			isa = XCBuildConfiguration;
			buildSettings = {
				ASSETCATALOG_COMPILER_APPICON_NAME = AppIcon;
				CODE_SIGN_STYLE = Automatic;
				CURRENT_PROJECT_VERSION = 1;
				GENERATE_INFOPLIST_FILE = YES;
				INFOPLIST_FILE = Inaction/Info.plist;
				INFOPLIST_KEY_CFBundleDisplayName = Inaction;
				INFOPLIST_KEY_LSApplicationCategoryType = "public.app-category.healthcare-fitness";
				INFOPLIST_KEY_UIApplicationSceneManifest_Generation = YES;
				INFOPLIST_KEY_UIApplicationSupportsIndirectInputEvents = YES;
				INFOPLIST_KEY_UILaunchScreen_Generation = YES;
				INFOPLIST_KEY_UISupportedInterfaceOrientations = UIInterfaceOrientationPortrait;
				INFOPLIST_KEY_UISupportedInterfaceOrientations_iPad = "UIInterfaceOrientationLandscapeLeft UIInterfaceOrientationLandscapeRight UIInterfaceOrientationPortrait UIInterfaceOrientationPortraitUpsideDown";
				LD_RUNPATH_SEARCH_PATHS = (
					"$(inherited)",
					"@executable_path/Frameworks",
				);
				MARKETING_VERSION = 1.0;
				PRODUCT_BUNDLE_IDENTIFIER = com.khakigai.Inaction;
				PRODUCT_NAME = "$(TARGET_NAME)";
				SUPPORTED_PLATFORMS = "iphoneos iphonesimulator";
				SUPPORTS_MACCATALYST = NO;
				SWIFT_EMIT_LOC_STRINGS = YES;
				SWIFT_VERSION = 5.0;
				TARGETED_DEVICE_FAMILY = 1;
			};
			name = Debug;
		};
		F90000000000000000000004 /* Release */ = {
			isa = XCBuildConfiguration;
			buildSettings = {
				ASSETCATALOG_COMPILER_APPICON_NAME = AppIcon;
				CODE_SIGN_STYLE = Automatic;
				CURRENT_PROJECT_VERSION = 1;
				GENERATE_INFOPLIST_FILE = YES;
				INFOPLIST_FILE = Inaction/Info.plist;
				INFOPLIST_KEY_CFBundleDisplayName = Inaction;
				INFOPLIST_KEY_LSApplicationCategoryType = "public.app-category.healthcare-fitness";
				INFOPLIST_KEY_UIApplicationSceneManifest_Generation = YES;
				INFOPLIST_KEY_UIApplicationSupportsIndirectInputEvents = YES;
				INFOPLIST_KEY_UILaunchScreen_Generation = YES;
				INFOPLIST_KEY_UISupportedInterfaceOrientations = UIInterfaceOrientationPortrait;
				INFOPLIST_KEY_UISupportedInterfaceOrientations_iPad = "UIInterfaceOrientationLandscapeLeft UIInterfaceOrientationLandscapeRight UIInterfaceOrientationPortrait UIInterfaceOrientationPortraitUpsideDown";
				LD_RUNPATH_SEARCH_PATHS = (
					"$(inherited)",
					"@executable_path/Frameworks",
				);
				MARKETING_VERSION = 1.0;
				PRODUCT_BUNDLE_IDENTIFIER = com.khakigai.Inaction;
				PRODUCT_NAME = "$(TARGET_NAME)";
				SUPPORTED_PLATFORMS = "iphoneos iphonesimulator";
				SUPPORTS_MACCATALYST = NO;
				SWIFT_EMIT_LOC_STRINGS = YES;
				SWIFT_VERSION = 5.0;
				TARGETED_DEVICE_FAMILY = 1;
			};
			name = Release;
		};
/* End XCBuildConfiguration section */

/* Begin XCConfigurationList section */
		F80000000000000000000001 /* Build configuration list for PBXProject "Inaction" */ = {
			isa = XCConfigurationList;
			buildConfigurations = (
				F90000000000000000000001 /* Debug */,
				F90000000000000000000002 /* Release */,
			);
			defaultConfigurationIsVisible = 0;
			defaultConfigurationName = Release;
		};
		F80000000000000000000002 /* Build configuration list for PBXNativeTarget "Inaction" */ = {
			isa = XCConfigurationList;
			buildConfigurations = (
				F90000000000000000000003 /* Debug */,
				F90000000000000000000004 /* Release */,
			);
			defaultConfigurationIsVisible = 0;
			defaultConfigurationName = Release;
		};
/* End XCConfigurationList section */
	};
	rootObject = F70000000000000000000001 /* Project object */;
}
